{
  "name": "asp.net",
  "version": "1.0.0",
  "lockfileVersion": 1,
  "requires": true,
  "dependencies": {
    "@types/jquery": {
      "version": "3.2.18",
      "resolved": "https://registry.npmjs.org/@types/jquery/-/jquery-3.2.18.tgz",
      "integrity": "sha512-8dsVAEAbK73GBbQjXUEBhaCXX6A+gEp7+bM7CI7n/850ES6NFObYvJID2F4mGAahLUosKHiJI1QkLS8bV+9VGA=="
    },
    "@types/knockout": {
      "version": "3.4.49",
      "resolved": "https://registry.npmjs.org/@types/knockout/-/knockout-3.4.49.tgz",
      "integrity": "sha1-FLkGiuMh/VV3Hi0n7gUFdPol5GM="
    }
  }
}
