
Microsoft Visual Studio Solution File, Format Version 12.00
# Visual Studio 15
VisualStudioVersion = 15.0.27130.2024
MinimumVisualStudioVersion = 10.0.40219.1
Project("{FAE04EC0-301F-11D3-BF4B-00C04F79EFBC}") = "DeanerySystem.UI", "DeanerySystem.UI\DeanerySystem.UI.csproj", "{0C0CFE6E-D0A6-4A7C-80F7-07B1ADF32A57}"
	ProjectSection(ProjectDependencies) = postProject
		{AD91AE25-8262-42D7-B5AD-4306595624C3} = {AD91AE25-8262-42D7-B5AD-4306595624C3}
	EndProjectSection
EndProject
Project("{FAE04EC0-301F-11D3-BF4B-00C04F79EFBC}") = "DeanerySystem.Domain", "DeanerySystem.Domain\DeanerySystem.Domain.csproj", "{9D449DAA-41BE-461F-BEF9-5FA2AAC89967}"
EndProject
Project("{FAE04EC0-301F-11D3-BF4B-00C04F79EFBC}") = "DeanerySystem.UnitTests", "DeanerySystem.UnitTests\DeanerySystem.UnitTests.csproj", "{16FDF7F9-5FB1-4D63-86DB-C2B472606178}"
EndProject
Project("{FAE04EC0-301F-11D3-BF4B-00C04F79EFBC}") = "DeanerySystem.ClientSide", "DeanerySystem.ClientSide\DeanerySystem.ClientSide.csproj", "{AD91AE25-8262-42D7-B5AD-4306595624C3}"
EndProject
Project("{9A19103F-16F7-4668-BE54-9A1E7A4F7556}") = "DeanerySystem.WebUI", "DeanerySystem.WebUI\DeanerySystem.WebUI.csproj", "{69BB90F8-926F-4A76-9FA5-27DE52A72E5A}"
EndProject
Project("{9A19103F-16F7-4668-BE54-9A1E7A4F7556}") = "DeanerySystem.DataAccess", "DeanerySystem.DataAccess\DeanerySystem.DataAccess.csproj", "{28CD26D2-B2BF-4326-898F-205CFC7FC73B}"
EndProject
Project("{FAE04EC0-301F-11D3-BF4B-00C04F79EFBC}") = "DeanerySystem.BusinessLogic", "DeanerySystem.BusinessLogic\DeanerySystem.BusinessLogic.csproj", "{DF92EB9C-4D69-411D-80CA-46858515FD83}"
EndProject
Global
	GlobalSection(SolutionConfigurationPlatforms) = preSolution
		Debug|Any CPU = Debug|Any CPU
		Release|Any CPU = Release|Any CPU
	EndGlobalSection
	GlobalSection(ProjectConfigurationPlatforms) = postSolution
		{0C0CFE6E-D0A6-4A7C-80F7-07B1ADF32A57}.Debug|Any CPU.ActiveCfg = Debug|Any CPU
		{0C0CFE6E-D0A6-4A7C-80F7-07B1ADF32A57}.Debug|Any CPU.Build.0 = Debug|Any CPU
		{0C0CFE6E-D0A6-4A7C-80F7-07B1ADF32A57}.Release|Any CPU.ActiveCfg = Release|Any CPU
		{0C0CFE6E-D0A6-4A7C-80F7-07B1ADF32A57}.Release|Any CPU.Build.0 = Release|Any CPU
		{9D449DAA-41BE-461F-BEF9-5FA2AAC89967}.Debug|Any CPU.ActiveCfg = Debug|Any CPU
		{9D449DAA-41BE-461F-BEF9-5FA2AAC89967}.Debug|Any CPU.Build.0 = Debug|Any CPU
		{9D449DAA-41BE-461F-BEF9-5FA2AAC89967}.Release|Any CPU.ActiveCfg = Release|Any CPU
		{9D449DAA-41BE-461F-BEF9-5FA2AAC89967}.Release|Any CPU.Build.0 = Release|Any CPU
		{16FDF7F9-5FB1-4D63-86DB-C2B472606178}.Debug|Any CPU.ActiveCfg = Debug|Any CPU
		{16FDF7F9-5FB1-4D63-86DB-C2B472606178}.Debug|Any CPU.Build.0 = Debug|Any CPU
		{16FDF7F9-5FB1-4D63-86DB-C2B472606178}.Release|Any CPU.ActiveCfg = Release|Any CPU
		{16FDF7F9-5FB1-4D63-86DB-C2B472606178}.Release|Any CPU.Build.0 = Release|Any CPU
		{AD91AE25-8262-42D7-B5AD-4306595624C3}.Debug|Any CPU.ActiveCfg = Debug|Any CPU
		{AD91AE25-8262-42D7-B5AD-4306595624C3}.Debug|Any CPU.Build.0 = Debug|Any CPU
		{AD91AE25-8262-42D7-B5AD-4306595624C3}.Release|Any CPU.ActiveCfg = Release|Any CPU
		{AD91AE25-8262-42D7-B5AD-4306595624C3}.Release|Any CPU.Build.0 = Release|Any CPU
		{69BB90F8-926F-4A76-9FA5-27DE52A72E5A}.Debug|Any CPU.ActiveCfg = Debug|Any CPU
		{69BB90F8-926F-4A76-9FA5-27DE52A72E5A}.Debug|Any CPU.Build.0 = Debug|Any CPU
		{69BB90F8-926F-4A76-9FA5-27DE52A72E5A}.Release|Any CPU.ActiveCfg = Release|Any CPU
		{69BB90F8-926F-4A76-9FA5-27DE52A72E5A}.Release|Any CPU.Build.0 = Release|Any CPU
		{28CD26D2-B2BF-4326-898F-205CFC7FC73B}.Debug|Any CPU.ActiveCfg = Debug|Any CPU
		{28CD26D2-B2BF-4326-898F-205CFC7FC73B}.Debug|Any CPU.Build.0 = Debug|Any CPU
		{28CD26D2-B2BF-4326-898F-205CFC7FC73B}.Release|Any CPU.ActiveCfg = Release|Any CPU
		{28CD26D2-B2BF-4326-898F-205CFC7FC73B}.Release|Any CPU.Build.0 = Release|Any CPU
		{DF92EB9C-4D69-411D-80CA-46858515FD83}.Debug|Any CPU.ActiveCfg = Debug|Any CPU
		{DF92EB9C-4D69-411D-80CA-46858515FD83}.Debug|Any CPU.Build.0 = Debug|Any CPU
		{DF92EB9C-4D69-411D-80CA-46858515FD83}.Release|Any CPU.ActiveCfg = Release|Any CPU
		{DF92EB9C-4D69-411D-80CA-46858515FD83}.Release|Any CPU.Build.0 = Release|Any CPU
	EndGlobalSection
	GlobalSection(SolutionProperties) = preSolution
		HideSolutionNode = FALSE
	EndGlobalSection
	GlobalSection(ExtensibilityGlobals) = postSolution
		SolutionGuid = {80919994-1F30-49BA-BB8C-D2A67EC6EE3E}
	EndGlobalSection
EndGlobal
